
Microsoft Visual Studio Solution File, Format Version 12.00
# Visual Studio Version 16
VisualStudioVersion = 16.0.30114.105
MinimumVisualStudioVersion = 10.0.40219.1
Project("{FAE04EC0-301F-11D3-BF4B-00C04F79EFBC}") = "MyFirstCs", "Myfirstcs\MyFirstCs.csproj", "{D898E317-6D2A-4EB6-8AAC-88269A62C065}"
EndProject
Project("{FAE04EC0-301F-11D3-BF4B-00C04F79EFBC}") = "MyFirstCs.Tests", "Myfirstcs.Tests\MyFirstCs.Tests.csproj", "{85DC3C8C-92BB-4236-AFB5-80BA1D1DA0C2}"
EndProject
Global
	GlobalSection(SolutionConfigurationPlatforms) = preSolution
		Debug|Any CPU = Debug|Any CPU
		Debug|x64 = Debug|x64
		Debug|x86 = Debug|x86
		Release|Any CPU = Release|Any CPU
		Release|x64 = Release|x64
		Release|x86 = Release|x86
	EndGlobalSection
	GlobalSection(SolutionProperties) = preSolution
		HideSolutionNode = FALSE
	EndGlobalSection
	GlobalSection(ProjectConfigurationPlatforms) = postSolution
		{D898E317-6D2A-4EB6-8AAC-88269A62C065}.Debug|Any CPU.ActiveCfg = Debug|Any CPU
		{D898E317-6D2A-4EB6-8AAC-88269A62C065}.Debug|Any CPU.Build.0 = Debug|Any CPU
		{D898E317-6D2A-4EB6-8AAC-88269A62C065}.Debug|x64.ActiveCfg = Debug|Any CPU
		{D898E317-6D2A-4EB6-8AAC-88269A62C065}.Debug|x64.Build.0 = Debug|Any CPU
		{D898E317-6D2A-4EB6-8AAC-88269A62C065}.Debug|x86.ActiveCfg = Debug|Any CPU
		{D898E317-6D2A-4EB6-8AAC-88269A62C065}.Debug|x86.Build.0 = Debug|Any CPU
		{D898E317-6D2A-4EB6-8AAC-88269A62C065}.Release|Any CPU.ActiveCfg = Release|Any CPU
		{D898E317-6D2A-4EB6-8AAC-88269A62C065}.Release|Any CPU.Build.0 = Release|Any CPU
		{D898E317-6D2A-4EB6-8AAC-88269A62C065}.Release|x64.ActiveCfg = Release|Any CPU
		{D898E317-6D2A-4EB6-8AAC-88269A62C065}.Release|x64.Build.0 = Release|Any CPU
		{D898E317-6D2A-4EB6-8AAC-88269A62C065}.Release|x86.ActiveCfg = Release|Any CPU
		{D898E317-6D2A-4EB6-8AAC-88269A62C065}.Release|x86.Build.0 = Release|Any CPU
		{85DC3C8C-92BB-4236-AFB5-80BA1D1DA0C2}.Debug|Any CPU.ActiveCfg = Debug|Any CPU
		{85DC3C8C-92BB-4236-AFB5-80BA1D1DA0C2}.Debug|Any CPU.Build.0 = Debug|Any CPU
		{85DC3C8C-92BB-4236-AFB5-80BA1D1DA0C2}.Debug|x64.ActiveCfg = Debug|Any CPU
		{85DC3C8C-92BB-4236-AFB5-80BA1D1DA0C2}.Debug|x64.Build.0 = Debug|Any CPU
		{85DC3C8C-92BB-4236-AFB5-80BA1D1DA0C2}.Debug|x86.ActiveCfg = Debug|Any CPU
		{85DC3C8C-92BB-4236-AFB5-80BA1D1DA0C2}.Debug|x86.Build.0 = Debug|Any CPU
		{85DC3C8C-92BB-4236-AFB5-80BA1D1DA0C2}.Release|Any CPU.ActiveCfg = Release|Any CPU
		{85DC3C8C-92BB-4236-AFB5-80BA1D1DA0C2}.Release|Any CPU.Build.0 = Release|Any CPU
		{85DC3C8C-92BB-4236-AFB5-80BA1D1DA0C2}.Release|x64.ActiveCfg = Release|Any CPU
		{85DC3C8C-92BB-4236-AFB5-80BA1D1DA0C2}.Release|x64.Build.0 = Release|Any CPU
		{85DC3C8C-92BB-4236-AFB5-80BA1D1DA0C2}.Release|x86.ActiveCfg = Release|Any CPU
		{85DC3C8C-92BB-4236-AFB5-80BA1D1DA0C2}.Release|x86.Build.0 = Release|Any CPU
	EndGlobalSection
EndGlobal
